{
  "name": "tunify",
  "lockfileVersion": 3,
  "requires": true,
  "packages": {
    "": {
      "dependencies": {
        "flat-embed": "^2.1.0"
      }
    },
    "node_modules/flat-embed": {
      "version": "2.1.0",
      "resolved": "https://registry.npmjs.org/flat-embed/-/flat-embed-2.1.0.tgz",
      "integrity": "sha512-i0Ulb74d0xnCkf23MB6ZQqCc7aqW3hb5opc3bcllCkf4qAQ8MJmh2oR7PUb9NOyRtUZGoYD/Gv3beO/MaxusTQ=="
    }
  }
}
